
Microsoft Visual Studio Solution File, Format Version 12.00
# Visual Studio Version 17
VisualStudioVersion = 17.5.33502.453
MinimumVisualStudioVersion = 10.0.40219.1
Project("{8BC9CEB8-8B4A-11D0-8D11-00A0C91BC942}") = "OptimalSignalSearch", "OptimalSignalSearch.vcxproj", "{E824C96D-BA08-4931-BADA-A6FF9C6E699B}"
EndProject
Global
	GlobalSection(SolutionConfigurationPlatforms) = preSolution
		Debug|x64 = Debug|x64
		Debug|x86 = Debug|x86
		Release|x64 = Release|x64
		Release|x86 = Release|x86
	EndGlobalSection
	GlobalSection(ProjectConfigurationPlatforms) = postSolution
		{E824C96D-BA08-4931-BADA-A6FF9C6E699B}.Debug|x64.ActiveCfg = Debug|x64
		{E824C96D-BA08-4931-BADA-A6FF9C6E699B}.Debug|x64.Build.0 = Debug|x64
		{E824C96D-BA08-4931-BADA-A6FF9C6E699B}.Debug|x86.ActiveCfg = Debug|Win32
		{E824C96D-BA08-4931-BADA-A6FF9C6E699B}.Debug|x86.Build.0 = Debug|Win32
		{E824C96D-BA08-4931-BADA-A6FF9C6E699B}.Release|x64.ActiveCfg = Release|x64
		{E824C96D-BA08-4931-BADA-A6FF9C6E699B}.Release|x64.Build.0 = Release|x64
		{E824C96D-BA08-4931-BADA-A6FF9C6E699B}.Release|x86.ActiveCfg = Release|Win32
		{E824C96D-BA08-4931-BADA-A6FF9C6E699B}.Release|x86.Build.0 = Release|Win32
	EndGlobalSection
	GlobalSection(SolutionProperties) = preSolution
		HideSolutionNode = FALSE
	EndGlobalSection
	GlobalSection(ExtensibilityGlobals) = postSolution
		SolutionGuid = {B29662E2-3A46-4048-8124-F763680AACCF}
	EndGlobalSection
EndGlobal
